
Microsoft Visual Studio Solution File, Format Version 12.00
# Visual Studio 15
VisualStudioVersion = 15.0.26730.3
MinimumVisualStudioVersion = 10.0.40219.1
Project("{FAE04EC0-301F-11D3-BF4B-00C04F79EFBC}") = "ListMode", "ListMode\ListMode.csproj", "{55AF43DD-39D2-43E8-AB57-72A60495942E}"
EndProject
Global
	GlobalSection(SolutionConfigurationPlatforms) = preSolution
		Debug|Any CPU = Debug|Any CPU
		Release|Any CPU = Release|Any CPU
	EndGlobalSection
	GlobalSection(ProjectConfigurationPlatforms) = postSolution
		{55AF43DD-39D2-43E8-AB57-72A60495942E}.Debug|Any CPU.ActiveCfg = Debug|Any CPU
		{55AF43DD-39D2-43E8-AB57-72A60495942E}.Debug|Any CPU.Build.0 = Debug|Any CPU
		{55AF43DD-39D2-43E8-AB57-72A60495942E}.Release|Any CPU.ActiveCfg = Release|Any CPU
		{55AF43DD-39D2-43E8-AB57-72A60495942E}.Release|Any CPU.Build.0 = Release|Any CPU
	EndGlobalSection
	GlobalSection(SolutionProperties) = preSolution
		HideSolutionNode = FALSE
	EndGlobalSection
	GlobalSection(ExtensibilityGlobals) = postSolution
		SolutionGuid = {66A860F3-FA2D-4CBC-836E-4AECFA47325A}
	EndGlobalSection
EndGlobal
